{
    "version": 3,
    "terraform_version": "0.11.5",
    "serial": 11,
    "lineage": "029a9c05-f7c9-c038-2157-ff935952f26a",
    "modules": [
        {
            "path": [
                "root"
            ],
            "outputs": {
                "additional_zones": {
                    "sensitive": false,
                    "type": "list",
                    "value": []
                },
                "cluster_name": {
                    "sensitive": false,
                    "type": "string",
                    "value": "test-cluster1"
                },
                "endpoint": {
                    "sensitive": false,
                    "type": "string",
                    "value": "35.195.66.183"
                },
                "node_version": {
                    "sensitive": false,
                    "type": "string",
                    "value": "1.8.8-gke.0"
                },
                "primary_zone": {
                    "sensitive": false,
                    "type": "string",
                    "value": "europe-west1-b"
                }
            },
            "resources": {
                "google_container_cluster.primary": {
                    "type": "google_container_cluster",
                    "depends_on": [],
                    "primary": {
                        "id": "test-cluster1",
                        "attributes": {
                            "additional_zones.#": "0",
                            "addons_config.#": "1",
                            "addons_config.0.horizontal_pod_autoscaling.#": "1",
                            "addons_config.0.horizontal_pod_autoscaling.0.disabled": "true",
                            "addons_config.0.http_load_balancing.#": "1",
                            "addons_config.0.http_load_balancing.0.disabled": "false",
                            "addons_config.0.kubernetes_dashboard.#": "1",
                            "addons_config.0.kubernetes_dashboard.0.disabled": "false",
                            "addons_config.0.network_policy_config.#": "1",
                            "addons_config.0.network_policy_config.0.disabled": "true",
                            "cluster_ipv4_cidr": "10.28.0.0/14",
                            "description": "",
                            "enable_kubernetes_alpha": "false",
                            "enable_legacy_abac": "true",
                            "endpoint": "35.195.66.183",
                            "id": "test-cluster1",
                            "initial_node_count": "2",
                            "instance_group_urls.#": "1",
                            "instance_group_urls.0": "https://www.googleapis.com/compute/v1/projects/docker-193413/zones/europe-west1-b/instanceGroups/gke-test-cluster1-default-pool-ae94a621-grp",
                            "logging_service": "logging.googleapis.com",
                            "master_auth.#": "1",
                            "master_auth.0.client_certificate": "LS0tLS1CRUdJTiBDRVJUSUZJQ0FURS0tLS0tCk1JSUMyekNDQWNPZ0F3SUJBZ0lSQU01VDdaMXZaTmo1MDJ3bm92MFM5N1V3RFFZSktvWklodmNOQVFFTEJRQXcKTHpFdE1Dc0dBMVVFQXhNa09UUXhObUU0TkRBdFlqQTRNQzAwTldKaExUZzJNR1l0TnpBeVlqQTRaVGxpTWpJMgpNQjRYRFRFNE1EUXdNekUxTVRJME9Wb1hEVEl6TURRd01qRTFNVEkwT1Zvd0VURVBNQTBHQTFVRUF4TUdZMnhwClpXNTBNSUlCSWpBTkJna3Foa2lHOXcwQkFRRUZBQU9DQVE4QU1JSUJDZ0tDQVFFQTJQVDlLMFpaaDVnSVBobHAKWDN4bHhwY1lMWS9IYUlsL2JiMWFrNG9vdk5aamt2eFVIRnN2OXJVMnI5QnpyRTdPY1FiSkFkZ1NOM3VrOEpBWQp6K2ZRL2pZN0FVTC92RlJXQkJ6RkJrRUNYMk5zcktZVFFVWjJVWjQyUTY2N3BENkphZVBibERsVXR5NkVNc0MyCnEvYkZSTlpuSksycSt2bDkycDdrUFl3UkFiRkhGZnBDM2RUSlB1WXE0NTMvSU9uVXRGZXBJbktES29OUEcyQ1gKcFlFZE5pNGdtcTNnSHJmRUJTTHk3b0ZVODNJVVVteDczbTZmRnRreDdhQWpERUdpUHJ0YzJJS0FFeVdybGc0KwpVRW9vL29YNTJ3VzcybVdLSlB0RkRyR3pmNGVmWXpmNllFQnRPRFZOVXlKUVhVbWhVMGw3TlNiM3dqdVE3OGh0CjY2TWhrd0lEQVFBQm94QXdEakFNQmdOVkhSTUJBZjhFQWpBQU1BMEdDU3FHU0liM0RRRUJDd1VBQTRJQkFRQzgKYjA4d0gwa2tidW16WTNWdnB4WHJwMDNZVEVJcVFrZWwxM1h1TnhPYUF1RUNEM2lFeHFFWm9nVGZpRE1WN2xCZgo0VGNSZzJyK0JzaEpoQlVMKzhmZlB4Z1dydFYxRlRQeHdvSUdzYUxQSFg2TUJrQjRFeUh6a3kwWE4vTHhZWHJKCkNXeDgwbXpsYVowVWdBMGh3MUx1UXFTa3puOUViazRyTEtKRXpOYVkzZ1E4TUdHVVpJbDVrS0JOUDBEYU0wSDkKSEFoenFjK1ArNTQ3ckJ3N2owSlBqdEZWUkFJdW1XeEdWMnc0eEQxL1JxUnQ5bmZCUEp3OXprOG1rQkpRZlFrMwpDZ0RLZ0hHQnFXTlJQa2gzcEZsdVBjZTZwU2VpYnVKVG9KT3UxQ1RSZU92TytWakx3dkFIQ0d1czVGMVY1VUlaCkxsVmQ1RkdkVGtmcFJaOURYNTc5Ci0tLS0tRU5EIENFUlRJRklDQVRFLS0tLS0K",
                            "master_auth.0.client_key": "LS0tLS1CRUdJTiBSU0EgUFJJVkFURSBLRVktLS0tLQpNSUlFb3dJQkFBS0NBUUVBMlBUOUswWlpoNWdJUGhscFgzeGx4cGNZTFkvSGFJbC9iYjFhazRvb3ZOWmprdnhVCkhGc3Y5clUycjlCenJFN09jUWJKQWRnU04zdWs4SkFZeitmUS9qWTdBVUwvdkZSV0JCekZCa0VDWDJOc3JLWVQKUVVaMlVaNDJRNjY3cEQ2SmFlUGJsRGxVdHk2RU1zQzJxL2JGUk5abkpLMnErdmw5MnA3a1BZd1JBYkZIRmZwQwozZFRKUHVZcTQ1My9JT25VdEZlcEluS0RLb05QRzJDWHBZRWROaTRnbXEzZ0hyZkVCU0x5N29GVTgzSVVVbXg3CjNtNmZGdGt4N2FBakRFR2lQcnRjMklLQUV5V3JsZzQrVUVvby9vWDUyd1c3Mm1XS0pQdEZEckd6ZjRlZll6ZjYKWUVCdE9EVk5VeUpRWFVtaFUwbDdOU2Izd2p1UTc4aHQ2Nk1oa3dJREFRQUJBb0lCQUExY1JPSkVna3RCMXdiRgpUTmU4VXVPQVlYK2VIT01OK0pnYTh1TFJhQmNubUFQYllHMzE4RVcxUE1sbDY2eFVRV0tmZVlNUXVjcDE1WjgwCjJIcFJKY01mTnRIL1BMMXR4TXJ3WDBlMmV0TEIrTlZ4b3JwQWdHcDFTai9hYms2NzFTZ29COWtnWmdiNUtUQ2IKbDltT0tFYklISnViSUVPS3JWcVRCMWpYbTgwcW1iaHNjazRnc2NNbFEzWUtDaGttbXRISSt0UWdvQTBBMlU5bQo2SkxhZ0ZQNHRKNTlKOUZPT09HUWt3NW0yKzR3UGllV0dLMlVWL2g0VHZ3VTJqRXl4aHhGSXVxdDZwTkFhY2M1CnN6L3E5MHdjS0U0eHhlS1ZjaDgvQ08wWXJrVzlzbnIyRzNmUVhHUVZIOUVaK1ZMbFNtMjV2MUJIZjNDdGdHVTgKcFNETTQ2RUNnWUVBOXZBT1dWL0txOFRCYWhlNGQwaWlGMWFnd0k3QmxGRElweDdkYXNXaGZ5OHQ1U3VXYkRZSwpOTFY4ZU9lQ2F2Yng4cmZ2U1JNY0taeklKMC9UbUQvYzRjK3hhZFJ4NGRLbTJmQ3IxZkFTVUw5RFpzTm1yWnRiCm5VLzNoMjVBSHZDYkJQS1QvTFZqRzFMcEEvWHFSM0tCRkU5Wnl5bVhobm1QcHQ1RUE4RzViU0VDZ1lFQTRPdEUKcms1Sk56QU51eTlJbDMxbXY4aVJROTZiWXZtdkYzdkdQQnBIWVZCMm5IamlqV2t5NGF0dHBRdlB0ZFR6VFRQWApMa1RUQXNCTXJrYitEZkM3UmkvNDE3TDA5Tk5jbmVNek5KdXBRZk9KTmhHRUxUc3VIdnZkLzV2THVhT2RrRmdqCnlnbjdFU1ZpWGdIbXFCakpDYWhoN1FCYS9kNkZybldMNnpWaDVETUNnWUJVODR6Y0xsbzQ4WDFnbER4L3ZOc1cKa0ZUSktkTnF4TWZpeG5tQnkrK2RJNHYwZFNSUW9kNnM5MnFVNVlBMmNESVlRREx2dnNWSGc0cFFDK1JOVWxzWQp6Q3pLcmExbjlPSTF3OWc1eDFkbHRBYnFDWHIvYXB6LzU0ek9hSjFpaDMrdEdnN1ROMHViRU5EYzdmTGxGWDFXCmtWM2d5TFE2TFFQQWNtS1BzRXVzUVFLQmdRQ2J5OXZqTVc4ZHZ6ZUR0WmorOW1vNTVtQlpOdFZEbGRobTErSFUKdUE5QnBVN0R6Q2lCODZDL0dOUDJRMXc1ZzZ5VWlaaEFBSVI1bjJKK1JjYXRPVmMvb3ZNbjFsby9URGtYVk0yZgpYME82MzByb0hQSUZzcnliMGJOUTMwWWE3TzZ6a1pvWTFSa0lJM0VqMVFWRTR3WStubGhXcHF4Z3RjYTd0Y2laCndIeHlhUUtCZ0Q2ejQrclhUS1lCa1ZvUWxucUVRU2VhbEVHbnVab055SkluN0d1L2hpNm81dEM5RDJKQklqRnQKTm82R1E0czNOV1ZtSEZFMHFUOHY2dDJLemFiN2thd2djaVpjMjZpYm1rNFB0TGJHajJIc1NFRlpia2c3MVNwawpaTW9FOXZ0L2tDSWh1eHdXYWVEdmhLTUVVUFdONzNWNHZ6YTFLZzBLWHdUOU90cE5LaURRCi0tLS0tRU5EIFJTQSBQUklWQVRFIEtFWS0tLS0tCg==",
                            "master_auth.0.cluster_ca_certificate": "LS0tLS1CRUdJTiBDRVJUSUZJQ0FURS0tLS0tCk1JSURDekNDQWZPZ0F3SUJBZ0lRSUpXUEJPbitOR1kraklCZHJEeEdNekFOQmdrcWhraUc5dzBCQVFzRkFEQXYKTVMwd0t3WURWUVFERXlRNU5ERTJZVGcwTUMxaU1EZ3dMVFExWW1FdE9EWXdaaTAzTURKaU1EaGxPV0l5TWpZdwpIaGNOTVRnd05EQXpNVFF4TWpRNFdoY05Nak13TkRBeU1UVXhNalE0V2pBdk1TMHdLd1lEVlFRREV5UTVOREUyCllUZzBNQzFpTURnd0xUUTFZbUV0T0RZd1ppMDNNREppTURobE9XSXlNall3Z2dFaU1BMEdDU3FHU0liM0RRRUIKQVFVQUE0SUJEd0F3Z2dFS0FvSUJBUURHY3VxNlVDdHVwRlBDS2JiMVpxbjljWEdyVnlCWDJWV0JqNG1PWWVDbgpMOWd5MDQ5Zys2ZjJkbS9IYU1TdkZZUDJVWGkrR2oraXEvZGFVVlg1bkZZYlVVc0FpSUtwaVk4UklKa1BWUHJ6CjJkZFJtZ2poNk1nMWxCSGdyY1dkTUJwcndzRVIxVTl4bjhJVXVXQmpMb2x5U1ZXS24vdkkyd2hISXNwVkUrRHoKU2YyaUdsaDV1VGRpeCtVVHdQWjRyenFjQVVoRmFSOU14bGhnVHIzU282ays0RVpsc214Z3dKQi9VUm1ydVppSApNdEIxaDV3SU1MaUYrN0dsN0VOSFh0eUtXdi9neE5NWENPeHAxaFBqcnNRNUViYzNOQUJwRFNEYmhqV3g1RzNOCkwxVGpKbmhkQkp0dGc5alhqb3JWSUhLRnNnbTB3NDdqeFJzQzE5UUQ4TlE3QWdNQkFBR2pJekFoTUE0R0ExVWQKRHdFQi93UUVBd0lDQkRBUEJnTlZIUk1CQWY4RUJUQURBUUgvTUEwR0NTcUdTSWIzRFFFQkN3VUFBNElCQVFBRQpQVWRIdG00Nk1xSlB6dm9wbTZtazQvMStabndWandwUGNtNVYveC9VTTBTMHgzQmlVS2wzRTJaa3BjYnVXMTBSCnpQY1BncVpwRDh1VFkxR1l6eUNSL1NZUjRyVjlEYThpdlVYcjRiOGRqQW0wTGJDcDF6a0l4RGNkOVdSUjJWK1oKV2FBaGt6NWlIaC8rbzNEbVZaSkpqdkVmanFuTU1IS1RnK2Z1U1k1TXZlSGRleW10MDZsZy93QXlQUkZDckl0cgo5Qkx5L0szeUp4akgzSEV2a1FZU1Jpb2dtU0FMdHA2RS9VRm0zenFrWXZRMVFJZzQyUlNrRjhlSHB1akJSMWIwCnhxcVM5aHVSQjdSNjBvVElmTXdsMHVpMTZ6cXhtSDRGZExrUHF2SGV3Ylp2OENRclR2UnJVNStpa1N6citUb2MKWWEwR3p3b1RKWjVGT21ZTzJud08KLS0tLS1FTkQgQ0VSVElGSUNBVEUtLS0tLQo=",
                            "master_auth.0.password": "ymvnE84bnNQQMcMhskW2Rad7UoV7iE",
                            "master_auth.0.username": "superuser",
                            "master_version": "1.8.8-gke.0",
                            "min_master_version": "1.8.8-gke.0",
                            "monitoring_service": "monitoring.googleapis.com",
                            "name": "test-cluster1",
                            "network": "default",
                            "network_policy.#": "0",
                            "node_config.#": "1",
                            "node_config.0.disk_size_gb": "20",
                            "node_config.0.guest_accelerator.#": "0",
                            "node_config.0.image_type": "COS",
                            "node_config.0.labels.%": "0",
                            "node_config.0.local_ssd_count": "0",
                            "node_config.0.machine_type": "g1-small",
                            "node_config.0.metadata.%": "0",
                            "node_config.0.min_cpu_platform": "",
                            "node_config.0.oauth_scopes.#": "4",
                            "node_config.0.oauth_scopes.1277378754": "https://www.googleapis.com/auth/monitoring",
                            "node_config.0.oauth_scopes.1632638332": "https://www.googleapis.com/auth/devstorage.read_only",
                            "node_config.0.oauth_scopes.172152165": "https://www.googleapis.com/auth/logging.write",
                            "node_config.0.oauth_scopes.299962681": "https://www.googleapis.com/auth/compute",
                            "node_config.0.preemptible": "false",
                            "node_config.0.service_account": "default",
                            "node_config.0.tags.#": "0",
                            "node_config.0.workload_metadata_config.#": "0",
                            "node_pool.#": "1",
                            "node_pool.0.autoscaling.#": "0",
                            "node_pool.0.initial_node_count": "2",
                            "node_pool.0.instance_group_urls.#": "1",
                            "node_pool.0.instance_group_urls.0": "https://www.googleapis.com/compute/v1/projects/docker-193413/zones/europe-west1-b/instanceGroupManagers/gke-test-cluster1-default-pool-ae94a621-grp",
                            "node_pool.0.management.#": "1",
                            "node_pool.0.management.0.auto_repair": "false",
                            "node_pool.0.management.0.auto_upgrade": "false",
                            "node_pool.0.name": "default-pool",
                            "node_pool.0.name_prefix": "",
                            "node_pool.0.node_config.#": "1",
                            "node_pool.0.node_config.0.disk_size_gb": "20",
                            "node_pool.0.node_config.0.guest_accelerator.#": "0",
                            "node_pool.0.node_config.0.image_type": "COS",
                            "node_pool.0.node_config.0.labels.%": "0",
                            "node_pool.0.node_config.0.local_ssd_count": "0",
                            "node_pool.0.node_config.0.machine_type": "g1-small",
                            "node_pool.0.node_config.0.metadata.%": "0",
                            "node_pool.0.node_config.0.min_cpu_platform": "",
                            "node_pool.0.node_config.0.oauth_scopes.#": "4",
                            "node_pool.0.node_config.0.oauth_scopes.1277378754": "https://www.googleapis.com/auth/monitoring",
                            "node_pool.0.node_config.0.oauth_scopes.1632638332": "https://www.googleapis.com/auth/devstorage.read_only",
                            "node_pool.0.node_config.0.oauth_scopes.172152165": "https://www.googleapis.com/auth/logging.write",
                            "node_pool.0.node_config.0.oauth_scopes.299962681": "https://www.googleapis.com/auth/compute",
                            "node_pool.0.node_config.0.preemptible": "false",
                            "node_pool.0.node_config.0.service_account": "default",
                            "node_pool.0.node_config.0.tags.#": "0",
                            "node_pool.0.node_config.0.workload_metadata_config.#": "0",
                            "node_pool.0.node_count": "2",
                            "node_version": "1.8.8-gke.0",
                            "project": "docker-193413",
                            "subnetwork": "default",
                            "zone": "europe-west1-b"
                        },
                        "meta": {
                            "e2bfb730-ecaa-11e6-8f88-34363bc7c4c0": {
                                "create": 1800000000000,
                                "delete": 600000000000,
                                "update": 600000000000
                            },
                            "schema_version": "1"
                        },
                        "tainted": false
                    },
                    "deposed": [],
                    "provider": "provider.google"
                }
            },
            "depends_on": []
        }
    ]
}
